
Microsoft Visual Studio Solution File, Format Version 12.00
# Visual Studio Version 16
VisualStudioVersion = 16.0.31624.102
MinimumVisualStudioVersion = 10.0.40219.1
Project("{9A19103F-16F7-4668-BE54-9A1E7A4F7556}") = "PdfLambda", "PdfLambda\PdfLambda.csproj", "{04B601AA-AB97-4EB9-B821-E98CE7F53768}"
EndProject
Project("{2150E333-8FDC-42A3-9474-1A3956D46DE8}") = "Test", "Test", "{678A1C24-16B8-4CA2-BF2B-1FC2AC381139}"
	ProjectSection(SolutionItems) = preProject
		..\..\..\Desktop\PdfTest\file.html = ..\..\..\Desktop\PdfTest\file.html
		..\..\..\Desktop\PdfTest\file.js = ..\..\..\Desktop\PdfTest\file.js
	EndProjectSection
EndProject
Global
	GlobalSection(SolutionConfigurationPlatforms) = preSolution
		Debug|Any CPU = Debug|Any CPU
		Release|Any CPU = Release|Any CPU
	EndGlobalSection
	GlobalSection(ProjectConfigurationPlatforms) = postSolution
		{04B601AA-AB97-4EB9-B821-E98CE7F53768}.Debug|Any CPU.ActiveCfg = Debug|Any CPU
		{04B601AA-AB97-4EB9-B821-E98CE7F53768}.Debug|Any CPU.Build.0 = Debug|Any CPU
		{04B601AA-AB97-4EB9-B821-E98CE7F53768}.Release|Any CPU.ActiveCfg = Release|Any CPU
		{04B601AA-AB97-4EB9-B821-E98CE7F53768}.Release|Any CPU.Build.0 = Release|Any CPU
	EndGlobalSection
	GlobalSection(SolutionProperties) = preSolution
		HideSolutionNode = FALSE
	EndGlobalSection
	GlobalSection(ExtensibilityGlobals) = postSolution
		SolutionGuid = {6A306EC6-F911-4965-8E5E-6AAA56E5141F}
	EndGlobalSection
EndGlobal
